
Microsoft Visual Studio Solution File, Format Version 12.00
# Visual Studio Version 17
VisualStudioVersion = 17.11.35312.102
MinimumVisualStudioVersion = 10.0.40219.1
Project("{9A19103F-16F7-4668-BE54-9A1E7A4F7556}") = "tmn-app", "tmn-app\tmn-app.csproj", "{4A103E6D-49BA-40B1-95AD-CFA8DBC0E70E}"
EndProject
Project("{E53339B2-1760-4266-BCC7-CA923CBCF16C}") = "docker-compose", "docker-compose.dcproj", "{263D27EA-0232-422D-B3D5-D0EA7C7CF880}"
EndProject
Global
	GlobalSection(SolutionConfigurationPlatforms) = preSolution
		Debug|Any CPU = Debug|Any CPU
		Release|Any CPU = Release|Any CPU
	EndGlobalSection
	GlobalSection(ProjectConfigurationPlatforms) = postSolution
		{4A103E6D-49BA-40B1-95AD-CFA8DBC0E70E}.Debug|Any CPU.ActiveCfg = Debug|Any CPU
		{4A103E6D-49BA-40B1-95AD-CFA8DBC0E70E}.Debug|Any CPU.Build.0 = Debug|Any CPU
		{4A103E6D-49BA-40B1-95AD-CFA8DBC0E70E}.Release|Any CPU.ActiveCfg = Release|Any CPU
		{4A103E6D-49BA-40B1-95AD-CFA8DBC0E70E}.Release|Any CPU.Build.0 = Release|Any CPU
		{263D27EA-0232-422D-B3D5-D0EA7C7CF880}.Debug|Any CPU.ActiveCfg = Debug|Any CPU
		{263D27EA-0232-422D-B3D5-D0EA7C7CF880}.Debug|Any CPU.Build.0 = Debug|Any CPU
		{263D27EA-0232-422D-B3D5-D0EA7C7CF880}.Release|Any CPU.ActiveCfg = Release|Any CPU
		{263D27EA-0232-422D-B3D5-D0EA7C7CF880}.Release|Any CPU.Build.0 = Release|Any CPU
	EndGlobalSection
	GlobalSection(SolutionProperties) = preSolution
		HideSolutionNode = FALSE
	EndGlobalSection
	GlobalSection(ExtensibilityGlobals) = postSolution
		SolutionGuid = {535F027B-E9B5-49FA-8CF8-23EB4BFB66D3}
	EndGlobalSection
EndGlobal
